{
  "version": 4,
  "terraform_version": "1.3.7",
  "serial": 7,
  "lineage": "a599fa44-0e2e-2c92-498c-b928c0e6b5df",
  "outputs": {},
  "resources": [
    {
      "module": "module.instance_provisioning",
      "mode": "managed",
      "type": "google_compute_attached_disk",
      "name": "webdisk_att",
      "provider": "provider[\"registry.terraform.io/hashicorp/google\"]",
      "instances": [
        {
          "schema_version": 0,
          "attributes": {
            "device_name": "persistent-disk-1",
            "disk": "projects/focused-premise-377018/zones/us-west1-a/disks/dev-webdisk",
            "id": "projects/focused-premise-377018/zones/us-west1-a/instances/dev-webvm/dev-webdisk",
            "instance": "projects/focused-premise-377018/zones/us-west1-a/instances/dev-webvm",
            "mode": "READ_WRITE",
            "project": "focused-premise-377018",
            "timeouts": null,
            "zone": "us-west1-a"
          },
          "sensitive_attributes": [],
          "private": "eyJlMmJmYjczMC1lY2FhLTExZTYtOGY4OC0zNDM2M2JjN2M0YzAiOnsiY3JlYXRlIjozMDAwMDAwMDAwMDAsImRlbGV0ZSI6MzAwMDAwMDAwMDAwfX0=",
          "dependencies": [
            "module.instance_provisioning.google_compute_disk.webdisk",
            "module.instance_provisioning.google_compute_instance.webvm"
          ]
        }
      ]
    },
    {
      "module": "module.instance_provisioning",
      "mode": "managed",
      "type": "google_compute_disk",
      "name": "webdisk",
      "provider": "provider[\"registry.terraform.io/hashicorp/google\"]",
      "instances": [
        {
          "schema_version": 0,
          "attributes": {
            "creation_timestamp": "2023-02-08T20:40:05.648-08:00",
            "description": "",
            "disk_encryption_key": [],
            "id": "projects/focused-premise-377018/zones/us-west1-a/disks/dev-webdisk",
            "image": "https://www.googleapis.com/compute/v1/projects/debian-cloud/global/images/debian-11-bullseye-v20220719",
            "label_fingerprint": "42WmSpB8rSM=",
            "labels": null,
            "last_attach_timestamp": "",
            "last_detach_timestamp": "",
            "name": "dev-webdisk",
            "physical_block_size_bytes": 4096,
            "project": "focused-premise-377018",
            "provisioned_iops": 0,
            "self_link": "https://www.googleapis.com/compute/v1/projects/focused-premise-377018/zones/us-west1-a/disks/dev-webdisk",
            "size": 10,
            "snapshot": "",
            "source_disk": "",
            "source_disk_id": "",
            "source_image_encryption_key": [],
            "source_image_id": "4932115930768171344",
            "source_snapshot_encryption_key": [],
            "source_snapshot_id": "",
            "timeouts": null,
            "type": "pd-standard",
            "users": [],
            "zone": "us-west1-a"
          },
          "sensitive_attributes": [],
          "private": "eyJlMmJmYjczMC1lY2FhLTExZTYtOGY4OC0zNDM2M2JjN2M0YzAiOnsiY3JlYXRlIjoxMjAwMDAwMDAwMDAwLCJkZWxldGUiOjEyMDAwMDAwMDAwMDAsInVwZGF0ZSI6MTIwMDAwMDAwMDAwMH19"
        }
      ]
    },
    {
      "module": "module.instance_provisioning",
      "mode": "managed",
      "type": "google_compute_instance",
      "name": "webvm",
      "provider": "provider[\"registry.terraform.io/hashicorp/google\"]",
      "instances": [
        {
          "schema_version": 6,
          "attributes": {
            "advanced_machine_features": [],
            "allow_stopping_for_update": true,
            "attached_disk": [],
            "boot_disk": [
              {
                "auto_delete": true,
                "device_name": "persistent-disk-0",
                "disk_encryption_key_raw": "",
                "disk_encryption_key_sha256": "",
                "initialize_params": [
                  {
                    "image": "https://www.googleapis.com/compute/v1/projects/debian-cloud/global/images/debian-11-bullseye-v20230206",
                    "labels": {},
                    "size": 10,
                    "type": "pd-standard"
                  }
                ],
                "kms_key_self_link": "",
                "mode": "READ_WRITE",
                "source": "https://www.googleapis.com/compute/v1/projects/focused-premise-377018/zones/us-west1-a/disks/dev-webvm"
              }
            ],
            "can_ip_forward": false,
            "confidential_instance_config": [],
            "cpu_platform": "Intel Broadwell",
            "current_status": "RUNNING",
            "deletion_protection": false,
            "description": "",
            "desired_status": null,
            "enable_display": false,
            "guest_accelerator": [],
            "hostname": "",
            "id": "projects/focused-premise-377018/zones/us-west1-a/instances/dev-webvm",
            "instance_id": "8826983937710081993",
            "label_fingerprint": "42WmSpB8rSM=",
            "labels": null,
            "machine_type": "e2-micro",
            "metadata": null,
            "metadata_fingerprint": "KImpbVocEMs=",
            "metadata_startup_script": null,
            "min_cpu_platform": "",
            "name": "dev-webvm",
            "network_interface": [
              {
                "access_config": [
                  {
                    "nat_ip": "34.127.48.227",
                    "network_tier": "PREMIUM",
                    "public_ptr_domain_name": ""
                  }
                ],
                "alias_ip_range": [],
                "ipv6_access_config": [],
                "ipv6_access_type": "",
                "name": "nic0",
                "network": "https://www.googleapis.com/compute/v1/projects/focused-premise-377018/global/networks/default",
                "network_ip": "10.138.0.6",
                "nic_type": "",
                "queue_count": 0,
                "stack_type": "IPV4_ONLY",
                "subnetwork": "https://www.googleapis.com/compute/v1/projects/focused-premise-377018/regions/us-west1/subnetworks/default",
                "subnetwork_project": "focused-premise-377018"
              }
            ],
            "project": "focused-premise-377018",
            "reservation_affinity": [],
            "resource_policies": null,
            "scheduling": [
              {
                "automatic_restart": true,
                "instance_termination_action": "",
                "min_node_cpus": 0,
                "node_affinities": [],
                "on_host_maintenance": "MIGRATE",
                "preemptible": false,
                "provisioning_model": "STANDARD"
              }
            ],
            "scratch_disk": [],
            "self_link": "https://www.googleapis.com/compute/v1/projects/focused-premise-377018/zones/us-west1-a/instances/dev-webvm",
            "service_account": [],
            "shielded_instance_config": [
              {
                "enable_integrity_monitoring": true,
                "enable_secure_boot": false,
                "enable_vtpm": true
              }
            ],
            "tags": null,
            "tags_fingerprint": "42WmSpB8rSM=",
            "timeouts": null,
            "zone": "us-west1-a"
          },
          "sensitive_attributes": [],
          "private": "eyJlMmJmYjczMC1lY2FhLTExZTYtOGY4OC0zNDM2M2JjN2M0YzAiOnsiY3JlYXRlIjoxMjAwMDAwMDAwMDAwLCJkZWxldGUiOjEyMDAwMDAwMDAwMDAsInVwZGF0ZSI6MTIwMDAwMDAwMDAwMH0sInNjaGVtYV92ZXJzaW9uIjoiNiJ9"
        }
      ]
    }
  ],
  "check_results": null
}
